
Microsoft Visual Studio Solution File, Format Version 12.00
# Visual Studio 15
VisualStudioVersion = 15.0.28307.1401
MinimumVisualStudioVersion = 10.0.40219.1
Project("{FAE04EC0-301F-11D3-BF4B-00C04F79EFBC}") = "PyPy_Console", "PyPy_Console\PyPy_Console.csproj", "{6000B343-6A7D-4221-8303-BE83B0407FA0}"
EndProject
Global
	GlobalSection(SolutionConfigurationPlatforms) = preSolution
		Debug|Any CPU = Debug|Any CPU
		Release|Any CPU = Release|Any CPU
	EndGlobalSection
	GlobalSection(ProjectConfigurationPlatforms) = postSolution
		{6000B343-6A7D-4221-8303-BE83B0407FA0}.Debug|Any CPU.ActiveCfg = Debug|Any CPU
		{6000B343-6A7D-4221-8303-BE83B0407FA0}.Debug|Any CPU.Build.0 = Debug|Any CPU
		{6000B343-6A7D-4221-8303-BE83B0407FA0}.Release|Any CPU.ActiveCfg = Release|Any CPU
		{6000B343-6A7D-4221-8303-BE83B0407FA0}.Release|Any CPU.Build.0 = Release|Any CPU
	EndGlobalSection
	GlobalSection(SolutionProperties) = preSolution
		HideSolutionNode = FALSE
	EndGlobalSection
	GlobalSection(ExtensibilityGlobals) = postSolution
		SolutionGuid = {B4F4812F-0B44-4364-9BC3-4DF5A454AA60}
	EndGlobalSection
EndGlobal
